PODS:
  - Cosmos (23.0.0)
  - IQKeyboardManagerSwift (6.5.10)
  - SDWebImage (5.12.5):
    - SDWebImage/Core (= 5.12.5)
  - SDWebImage/Core (5.12.5)
  - SkeletonView (1.29.2)
  - SwiftLint (0.47.1)

DEPENDENCIES:
  - Cosmos
  - IQKeyboardManagerSwift
  - SDWebImage (~> 5.0)
  - SkeletonView
  - SwiftLint

SPEC REPOS:
  trunk:
    - Cosmos
    - IQKeyboardManagerSwift
    - SDWebImage
    - SkeletonView
    - SwiftLint

SPEC CHECKSUMS:
  Cosmos: b5c6a9a637e28a061b54c8f8b1d8529d7d4db73f
  IQKeyboardManagerSwift: 52962c76ab33532f15ad9f3ff4e5715eda5335bb
  SDWebImage: 0905f1b7760fc8ac4198cae0036600d67478751e
  SkeletonView: 915a80ecc2b6421ab7ac0f0212321c0cc1406472
  SwiftLint: f80f1be7fa96d30e0aa68e58d45d4ea1ccaac519

PODFILE CHECKSUM: 141615fc1af9e7ef7f3718b836e8e05aac31d6e1

COCOAPODS: 1.11.3
