// !$*UTF8*$!
{
	archiveVersion = 1;
	classes = {
	};
	objectVersion = 55;
	objects = {

/* Begin PBXBuildFile section */
		F11EC4432869FAB000516762 /* UIAlert-.swift in Sources */ = {isa = PBXBuildFile; fileRef = F11EC4422869FAB000516762 /* UIAlert-.swift */; };
		F1A02F212869870400FCE92F /* AppDelegate.swift in Sources */ = {isa = PBXBuildFile; fileRef = F1A02F202869870400FCE92F /* AppDelegate.swift */; };
		F1A02F232869870400FCE92F /* SceneDelegate.swift in Sources */ = {isa = PBXBuildFile; fileRef = F1A02F222869870400FCE92F /* SceneDelegate.swift */; };
		F1A02F252869870400FCE92F /* HomeVC.swift in Sources */ = {isa = PBXBuildFile; fileRef = F1A02F242869870400FCE92F /* HomeVC.swift */; };
		F1A02F282869870400FCE92F /* Main.storyboard in Resources */ = {isa = PBXBuildFile; fileRef = F1A02F262869870400FCE92F /* Main.storyboard */; };
		F1A02F2A2869870800FCE92F /* Assets.xcassets in Resources */ = {isa = PBXBuildFile; fileRef = F1A02F292869870800FCE92F /* Assets.xcassets */; };
		F1A02F2D2869870800FCE92F /* LaunchScreen.storyboard in Resources */ = {isa = PBXBuildFile; fileRef = F1A02F2B2869870800FCE92F /* LaunchScreen.storyboard */; };
		F1A02F3928698A4300FCE92F /* HomeCVC.swift in Sources */ = {isa = PBXBuildFile; fileRef = F1A02F3728698A4300FCE92F /* HomeCVC.swift */; };
		F1A02F3A28698A4300FCE92F /* HomeCVC.xib in Resources */ = {isa = PBXBuildFile; fileRef = F1A02F3828698A4300FCE92F /* HomeCVC.xib */; };
		F1A02F3E28698BF700FCE92F /* PosterCVC.swift in Sources */ = {isa = PBXBuildFile; fileRef = F1A02F3C28698BF700FCE92F /* PosterCVC.swift */; };
		F1A02F3F28698BF700FCE92F /* PosterCVC.xib in Resources */ = {isa = PBXBuildFile; fileRef = F1A02F3D28698BF700FCE92F /* PosterCVC.xib */; };
		F1A02F4228698C1700FCE92F /* DetailsCVC.swift in Sources */ = {isa = PBXBuildFile; fileRef = F1A02F4028698C1700FCE92F /* DetailsCVC.swift */; };
		F1A02F4328698C1700FCE92F /* DetailsCVC.xib in Resources */ = {isa = PBXBuildFile; fileRef = F1A02F4128698C1700FCE92F /* DetailsCVC.xib */; };
		F1A02F4628698C4000FCE92F /* ButtonsCVC.swift in Sources */ = {isa = PBXBuildFile; fileRef = F1A02F4428698C4000FCE92F /* ButtonsCVC.swift */; };
		F1A02F4728698C4000FCE92F /* ButtonsCVC.xib in Resources */ = {isa = PBXBuildFile; fileRef = F1A02F4528698C4000FCE92F /* ButtonsCVC.xib */; };
		F1A02F4928698DFF00FCE92F /* DetailsVC.swift in Sources */ = {isa = PBXBuildFile; fileRef = F1A02F4828698DFF00FCE92F /* DetailsVC.swift */; };
		F1A02F4C2869959F00FCE92F /* DescriptionCVC.swift in Sources */ = {isa = PBXBuildFile; fileRef = F1A02F4A2869959F00FCE92F /* DescriptionCVC.swift */; };
		F1A02F4D2869959F00FCE92F /* DescriptionCVC.xib in Resources */ = {isa = PBXBuildFile; fileRef = F1A02F4B2869959F00FCE92F /* DescriptionCVC.xib */; };
		F1A02F50286995B400FCE92F /* ReviewCVC.swift in Sources */ = {isa = PBXBuildFile; fileRef = F1A02F4E286995B400FCE92F /* ReviewCVC.swift */; };
		F1A02F51286995B400FCE92F /* ReviewCVC.xib in Resources */ = {isa = PBXBuildFile; fileRef = F1A02F4F286995B400FCE92F /* ReviewCVC.xib */; };
		F1A02F5428699B5C00FCE92F /* ReviewVC.swift in Sources */ = {isa = PBXBuildFile; fileRef = F1A02F5328699B5C00FCE92F /* ReviewVC.swift */; };
		F1A02F572869A52A00FCE92F /* API.swift in Sources */ = {isa = PBXBuildFile; fileRef = F1A02F562869A52A00FCE92F /* API.swift */; };
		F1A02F592869AA7D00FCE92F /* Movie.swift in Sources */ = {isa = PBXBuildFile; fileRef = F1A02F582869AA7C00FCE92F /* Movie.swift */; };
/* End PBXBuildFile section */

/* Begin PBXFileReference section */
		F11EC4422869FAB000516762 /* UIAlert-.swift */ = {isa = PBXFileReference; lastKnownFileType = sourcecode.swift; path = "UIAlert-.swift"; sourceTree = "<group>"; };
		F1A02F1D2869870400FCE92F /* MilestoneAPI.app */ = {isa = PBXFileReference; explicitFileType = wrapper.application; includeInIndex = 0; path = MilestoneAPI.app; sourceTree = BUILT_PRODUCTS_DIR; };
		F1A02F202869870400FCE92F /* AppDelegate.swift */ = {isa = PBXFileReference; lastKnownFileType = sourcecode.swift; path = AppDelegate.swift; sourceTree = "<group>"; };
		F1A02F222869870400FCE92F /* SceneDelegate.swift */ = {isa = PBXFileReference; lastKnownFileType = sourcecode.swift; path = SceneDelegate.swift; sourceTree = "<group>"; };
		F1A02F242869870400FCE92F /* HomeVC.swift */ = {isa = PBXFileReference; lastKnownFileType = sourcecode.swift; path = HomeVC.swift; sourceTree = "<group>"; };
		F1A02F272869870400FCE92F /* Base */ = {isa = PBXFileReference; lastKnownFileType = file.storyboard; name = Base; path = Base.lproj/Main.storyboard; sourceTree = "<group>"; };
		F1A02F292869870800FCE92F /* Assets.xcassets */ = {isa = PBXFileReference; lastKnownFileType = folder.assetcatalog; path = Assets.xcassets; sourceTree = "<group>"; };
		F1A02F2C2869870800FCE92F /* Base */ = {isa = PBXFileReference; lastKnownFileType = file.storyboard; name = Base; path = Base.lproj/LaunchScreen.storyboard; sourceTree = "<group>"; };
		F1A02F2E2869870800FCE92F /* Info.plist */ = {isa = PBXFileReference; lastKnownFileType = text.plist.xml; path = Info.plist; sourceTree = "<group>"; };
		F1A02F3728698A4300FCE92F /* HomeCVC.swift */ = {isa = PBXFileReference; lastKnownFileType = sourcecode.swift; path = HomeCVC.swift; sourceTree = "<group>"; };
		F1A02F3828698A4300FCE92F /* HomeCVC.xib */ = {isa = PBXFileReference; lastKnownFileType = file.xib; path = HomeCVC.xib; sourceTree = "<group>"; };
		F1A02F3C28698BF700FCE92F /* PosterCVC.swift */ = {isa = PBXFileReference; lastKnownFileType = sourcecode.swift; path = PosterCVC.swift; sourceTree = "<group>"; };
		F1A02F3D28698BF700FCE92F /* PosterCVC.xib */ = {isa = PBXFileReference; lastKnownFileType = file.xib; path = PosterCVC.xib; sourceTree = "<group>"; };
		F1A02F4028698C1700FCE92F /* DetailsCVC.swift */ = {isa = PBXFileReference; lastKnownFileType = sourcecode.swift; path = DetailsCVC.swift; sourceTree = "<group>"; };
		F1A02F4128698C1700FCE92F /* DetailsCVC.xib */ = {isa = PBXFileReference; lastKnownFileType = file.xib; path = DetailsCVC.xib; sourceTree = "<group>"; };
		F1A02F4428698C4000FCE92F /* ButtonsCVC.swift */ = {isa = PBXFileReference; lastKnownFileType = sourcecode.swift; path = ButtonsCVC.swift; sourceTree = "<group>"; };
		F1A02F4528698C4000FCE92F /* ButtonsCVC.xib */ = {isa = PBXFileReference; lastKnownFileType = file.xib; path = ButtonsCVC.xib; sourceTree = "<group>"; };
		F1A02F4828698DFF00FCE92F /* DetailsVC.swift */ = {isa = PBXFileReference; lastKnownFileType = sourcecode.swift; path = DetailsVC.swift; sourceTree = "<group>"; };
		F1A02F4A2869959F00FCE92F /* DescriptionCVC.swift */ = {isa = PBXFileReference; lastKnownFileType = sourcecode.swift; path = DescriptionCVC.swift; sourceTree = "<group>"; };
		F1A02F4B2869959F00FCE92F /* DescriptionCVC.xib */ = {isa = PBXFileReference; lastKnownFileType = file.xib; path = DescriptionCVC.xib; sourceTree = "<group>"; };
		F1A02F4E286995B400FCE92F /* ReviewCVC.swift */ = {isa = PBXFileReference; lastKnownFileType = sourcecode.swift; path = ReviewCVC.swift; sourceTree = "<group>"; };
		F1A02F4F286995B400FCE92F /* ReviewCVC.xib */ = {isa = PBXFileReference; lastKnownFileType = file.xib; path = ReviewCVC.xib; sourceTree = "<group>"; };
		F1A02F5328699B5C00FCE92F /* ReviewVC.swift */ = {isa = PBXFileReference; lastKnownFileType = sourcecode.swift; path = ReviewVC.swift; sourceTree = "<group>"; };
		F1A02F562869A52A00FCE92F /* API.swift */ = {isa = PBXFileReference; lastKnownFileType = sourcecode.swift; path = API.swift; sourceTree = "<group>"; };
		F1A02F582869AA7C00FCE92F /* Movie.swift */ = {isa = PBXFileReference; lastKnownFileType = sourcecode.swift; path = Movie.swift; sourceTree = "<group>"; };
/* End PBXFileReference section */

/* Begin PBXFrameworksBuildPhase section */
		F1A02F1A2869870400FCE92F /* Frameworks */ = {
			isa = PBXFrameworksBuildPhase;
			buildActionMask = 2147483647;
			files = (
			);
			runOnlyForDeploymentPostprocessing = 0;
		};
/* End PBXFrameworksBuildPhase section */

/* Begin PBXGroup section */
		F11EC4412869FA9C00516762 /* Utilities */ = {
			isa = PBXGroup;
			children = (
				F11EC4422869FAB000516762 /* UIAlert-.swift */,
			);
			path = Utilities;
			sourceTree = "<group>";
		};
		F1A02F142869870400FCE92F = {
			isa = PBXGroup;
			children = (
				F1A02F1F2869870400FCE92F /* MilestoneAPI */,
				F1A02F1E2869870400FCE92F /* Products */,
			);
			sourceTree = "<group>";
		};
		F1A02F1E2869870400FCE92F /* Products */ = {
			isa = PBXGroup;
			children = (
				F1A02F1D2869870400FCE92F /* MilestoneAPI.app */,
			);
			name = Products;
			sourceTree = "<group>";
		};
		F1A02F1F2869870400FCE92F /* MilestoneAPI */ = {
			isa = PBXGroup;
			children = (
				F11EC4412869FA9C00516762 /* Utilities */,
				F1A02F552869A51000FCE92F /* Model */,
				F1A02F5228699B4600FCE92F /* ReviewVC */,
				F1A02F3528698A1400FCE92F /* DetailsVC */,
				F1A02F3428698A0000FCE92F /* HomeVC */,
				F1A02F202869870400FCE92F /* AppDelegate.swift */,
				F1A02F222869870400FCE92F /* SceneDelegate.swift */,
				F1A02F262869870400FCE92F /* Main.storyboard */,
				F1A02F292869870800FCE92F /* Assets.xcassets */,
				F1A02F2B2869870800FCE92F /* LaunchScreen.storyboard */,
				F1A02F2E2869870800FCE92F /* Info.plist */,
			);
			path = MilestoneAPI;
			sourceTree = "<group>";
		};
		F1A02F3428698A0000FCE92F /* HomeVC */ = {
			isa = PBXGroup;
			children = (
				F1A02F3628698A1C00FCE92F /* Cell */,
				F1A02F242869870400FCE92F /* HomeVC.swift */,
			);
			path = HomeVC;
			sourceTree = "<group>";
		};
		F1A02F3528698A1400FCE92F /* DetailsVC */ = {
			isa = PBXGroup;
			children = (
				F1A02F3B28698BD600FCE92F /* Cell */,
				F1A02F4828698DFF00FCE92F /* DetailsVC.swift */,
			);
			path = DetailsVC;
			sourceTree = "<group>";
		};
		F1A02F3628698A1C00FCE92F /* Cell */ = {
			isa = PBXGroup;
			children = (
				F1A02F3728698A4300FCE92F /* HomeCVC.swift */,
				F1A02F3828698A4300FCE92F /* HomeCVC.xib */,
			);
			path = Cell;
			sourceTree = "<group>";
		};
		F1A02F3B28698BD600FCE92F /* Cell */ = {
			isa = PBXGroup;
			children = (
				F1A02F3C28698BF700FCE92F /* PosterCVC.swift */,
				F1A02F3D28698BF700FCE92F /* PosterCVC.xib */,
				F1A02F4028698C1700FCE92F /* DetailsCVC.swift */,
				F1A02F4128698C1700FCE92F /* DetailsCVC.xib */,
				F1A02F4428698C4000FCE92F /* ButtonsCVC.swift */,
				F1A02F4528698C4000FCE92F /* ButtonsCVC.xib */,
				F1A02F4A2869959F00FCE92F /* DescriptionCVC.swift */,
				F1A02F4B2869959F00FCE92F /* DescriptionCVC.xib */,
				F1A02F4E286995B400FCE92F /* ReviewCVC.swift */,
				F1A02F4F286995B400FCE92F /* ReviewCVC.xib */,
			);
			path = Cell;
			sourceTree = "<group>";
		};
		F1A02F5228699B4600FCE92F /* ReviewVC */ = {
			isa = PBXGroup;
			children = (
				F1A02F5328699B5C00FCE92F /* ReviewVC.swift */,
			);
			path = ReviewVC;
			sourceTree = "<group>";
		};
		F1A02F552869A51000FCE92F /* Model */ = {
			isa = PBXGroup;
			children = (
				F1A02F562869A52A00FCE92F /* API.swift */,
				F1A02F582869AA7C00FCE92F /* Movie.swift */,
			);
			path = Model;
			sourceTree = "<group>";
		};
/* End PBXGroup section */

/* Begin PBXNativeTarget section */
		F1A02F1C2869870400FCE92F /* MilestoneAPI */ = {
			isa = PBXNativeTarget;
			buildConfigurationList = F1A02F312869870800FCE92F /* Build configuration list for PBXNativeTarget "MilestoneAPI" */;
			buildPhases = (
				F1A02F192869870400FCE92F /* Sources */,
				F1A02F1A2869870400FCE92F /* Frameworks */,
				F1A02F1B2869870400FCE92F /* Resources */,
			);
			buildRules = (
			);
			dependencies = (
			);
			name = MilestoneAPI;
			productName = MilestoneAPI;
			productReference = F1A02F1D2869870400FCE92F /* MilestoneAPI.app */;
			productType = "com.apple.product-type.application";
		};
/* End PBXNativeTarget section */

/* Begin PBXProject section */
		F1A02F152869870400FCE92F /* Project object */ = {
			isa = PBXProject;
			attributes = {
				BuildIndependentTargetsInParallel = 1;
				LastSwiftUpdateCheck = 1340;
				LastUpgradeCheck = 1340;
				TargetAttributes = {
					F1A02F1C2869870400FCE92F = {
						CreatedOnToolsVersion = 13.4.1;
					};
				};
			};
			buildConfigurationList = F1A02F182869870400FCE92F /* Build configuration list for PBXProject "MilestoneAPI" */;
			compatibilityVersion = "Xcode 13.0";
			developmentRegion = en;
			hasScannedForEncodings = 0;
			knownRegions = (
				en,
				Base,
			);
			mainGroup = F1A02F142869870400FCE92F;
			productRefGroup = F1A02F1E2869870400FCE92F /* Products */;
			projectDirPath = "";
			projectRoot = "";
			targets = (
				F1A02F1C2869870400FCE92F /* MilestoneAPI */,
			);
		};
/* End PBXProject section */

/* Begin PBXResourcesBuildPhase section */
		F1A02F1B2869870400FCE92F /* Resources */ = {
			isa = PBXResourcesBuildPhase;
			buildActionMask = 2147483647;
			files = (
				F1A02F4728698C4000FCE92F /* ButtonsCVC.xib in Resources */,
				F1A02F2D2869870800FCE92F /* LaunchScreen.storyboard in Resources */,
				F1A02F3A28698A4300FCE92F /* HomeCVC.xib in Resources */,
				F1A02F4D2869959F00FCE92F /* DescriptionCVC.xib in Resources */,
				F1A02F2A2869870800FCE92F /* Assets.xcassets in Resources */,
				F1A02F3F28698BF700FCE92F /* PosterCVC.xib in Resources */,
				F1A02F282869870400FCE92F /* Main.storyboard in Resources */,
				F1A02F51286995B400FCE92F /* ReviewCVC.xib in Resources */,
				F1A02F4328698C1700FCE92F /* DetailsCVC.xib in Resources */,
			);
			runOnlyForDeploymentPostprocessing = 0;
		};
/* End PBXResourcesBuildPhase section */

/* Begin PBXSourcesBuildPhase section */
		F1A02F192869870400FCE92F /* Sources */ = {
			isa = PBXSourcesBuildPhase;
			buildActionMask = 2147483647;
			files = (
				F1A02F50286995B400FCE92F /* ReviewCVC.swift in Sources */,
				F1A02F3E28698BF700FCE92F /* PosterCVC.swift in Sources */,
				F1A02F4928698DFF00FCE92F /* DetailsVC.swift in Sources */,
				F1A02F5428699B5C00FCE92F /* ReviewVC.swift in Sources */,
				F11EC4432869FAB000516762 /* UIAlert-.swift in Sources */,
				F1A02F252869870400FCE92F /* HomeVC.swift in Sources */,
				F1A02F4C2869959F00FCE92F /* DescriptionCVC.swift in Sources */,
				F1A02F4628698C4000FCE92F /* ButtonsCVC.swift in Sources */,
				F1A02F3928698A4300FCE92F /* HomeCVC.swift in Sources */,
				F1A02F592869AA7D00FCE92F /* Movie.swift in Sources */,
				F1A02F212869870400FCE92F /* AppDelegate.swift in Sources */,
				F1A02F232869870400FCE92F /* SceneDelegate.swift in Sources */,
				F1A02F572869A52A00FCE92F /* API.swift in Sources */,
				F1A02F4228698C1700FCE92F /* DetailsCVC.swift in Sources */,
			);
			runOnlyForDeploymentPostprocessing = 0;
		};
/* End PBXSourcesBuildPhase section */

/* Begin PBXVariantGroup section */
		F1A02F262869870400FCE92F /* Main.storyboard */ = {
			isa = PBXVariantGroup;
			children = (
				F1A02F272869870400FCE92F /* Base */,
			);
			name = Main.storyboard;
			sourceTree = "<group>";
		};
		F1A02F2B2869870800FCE92F /* LaunchScreen.storyboard */ = {
			isa = PBXVariantGroup;
			children = (
				F1A02F2C2869870800FCE92F /* Base */,
			);
			name = LaunchScreen.storyboard;
			sourceTree = "<group>";
		};
/* End PBXVariantGroup section */

/* Begin XCBuildConfiguration section */
		F1A02F2F2869870800FCE92F /* Debug */ = {
			isa = XCBuildConfiguration;
			buildSettings = {
				ALWAYS_SEARCH_USER_PATHS = NO;
				CLANG_ANALYZER_NONNULL = YES;
				CLANG_ANALYZER_NUMBER_OBJECT_CONVERSION = YES_AGGRESSIVE;
				CLANG_CXX_LANGUAGE_STANDARD = "gnu++17";
				CLANG_ENABLE_MODULES = YES;
				CLANG_ENABLE_OBJC_ARC = YES;
				CLANG_ENABLE_OBJC_WEAK = YES;
				CLANG_WARN_BLOCK_CAPTURE_AUTORELEASING = YES;
				CLANG_WARN_BOOL_CONVERSION = YES;
				CLANG_WARN_COMMA = YES;
				CLANG_WARN_CONSTANT_CONVERSION = YES;
				CLANG_WARN_DEPRECATED_OBJC_IMPLEMENTATIONS = YES;
				CLANG_WARN_DIRECT_OBJC_ISA_USAGE = YES_ERROR;
				CLANG_WARN_DOCUMENTATION_COMMENTS = YES;
				CLANG_WARN_EMPTY_BODY = YES;
				CLANG_WARN_ENUM_CONVERSION = YES;
				CLANG_WARN_INFINITE_RECURSION = YES;
				CLANG_WARN_INT_CONVERSION = YES;
				CLANG_WARN_NON_LITERAL_NULL_CONVERSION = YES;
				CLANG_WARN_OBJC_IMPLICIT_RETAIN_SELF = YES;
				CLANG_WARN_OBJC_LITERAL_CONVERSION = YES;
				CLANG_WARN_OBJC_ROOT_CLASS = YES_ERROR;
				CLANG_WARN_QUOTED_INCLUDE_IN_FRAMEWORK_HEADER = YES;
				CLANG_WARN_RANGE_LOOP_ANALYSIS = YES;
				CLANG_WARN_STRICT_PROTOTYPES = YES;
				CLANG_WARN_SUSPICIOUS_MOVE = YES;
				CLANG_WARN_UNGUARDED_AVAILABILITY = YES_AGGRESSIVE;
				CLANG_WARN_UNREACHABLE_CODE = YES;
				CLANG_WARN__DUPLICATE_METHOD_MATCH = YES;
				COPY_PHASE_STRIP = NO;
				DEBUG_INFORMATION_FORMAT = dwarf;
				ENABLE_STRICT_OBJC_MSGSEND = YES;
				ENABLE_TESTABILITY = YES;
				GCC_C_LANGUAGE_STANDARD = gnu11;
				GCC_DYNAMIC_NO_PIC = NO;
				GCC_NO_COMMON_BLOCKS = YES;
				GCC_OPTIMIZATION_LEVEL = 0;
				GCC_PREPROCESSOR_DEFINITIONS = (
					"DEBUG=1",
					"$(inherited)",
				);
				GCC_WARN_64_TO_32_BIT_CONVERSION = YES;
				GCC_WARN_ABOUT_RETURN_TYPE = YES_ERROR;
				GCC_WARN_UNDECLARED_SELECTOR = YES;
				GCC_WARN_UNINITIALIZED_AUTOS = YES_AGGRESSIVE;
				GCC_WARN_UNUSED_FUNCTION = YES;
				GCC_WARN_UNUSED_VARIABLE = YES;
				IPHONEOS_DEPLOYMENT_TARGET = 15.5;
				MTL_ENABLE_DEBUG_INFO = INCLUDE_SOURCE;
				MTL_FAST_MATH = YES;
				ONLY_ACTIVE_ARCH = YES;
				SDKROOT = iphoneos;
				SWIFT_ACTIVE_COMPILATION_CONDITIONS = DEBUG;
				SWIFT_OPTIMIZATION_LEVEL = "-Onone";
			};
			name = Debug;
		};
		F1A02F302869870800FCE92F /* Release */ = {
			isa = XCBuildConfiguration;
			buildSettings = {
				ALWAYS_SEARCH_USER_PATHS = NO;
				CLANG_ANALYZER_NONNULL = YES;
				CLANG_ANALYZER_NUMBER_OBJECT_CONVERSION = YES_AGGRESSIVE;
				CLANG_CXX_LANGUAGE_STANDARD = "gnu++17";
				CLANG_ENABLE_MODULES = YES;
				CLANG_ENABLE_OBJC_ARC = YES;
				CLANG_ENABLE_OBJC_WEAK = YES;
				CLANG_WARN_BLOCK_CAPTURE_AUTORELEASING = YES;
				CLANG_WARN_BOOL_CONVERSION = YES;
				CLANG_WARN_COMMA = YES;
				CLANG_WARN_CONSTANT_CONVERSION = YES;
				CLANG_WARN_DEPRECATED_OBJC_IMPLEMENTATIONS = YES;
				CLANG_WARN_DIRECT_OBJC_ISA_USAGE = YES_ERROR;
				CLANG_WARN_DOCUMENTATION_COMMENTS = YES;
				CLANG_WARN_EMPTY_BODY = YES;
				CLANG_WARN_ENUM_CONVERSION = YES;
				CLANG_WARN_INFINITE_RECURSION = YES;
				CLANG_WARN_INT_CONVERSION = YES;
				CLANG_WARN_NON_LITERAL_NULL_CONVERSION = YES;
				CLANG_WARN_OBJC_IMPLICIT_RETAIN_SELF = YES;
				CLANG_WARN_OBJC_LITERAL_CONVERSION = YES;
				CLANG_WARN_OBJC_ROOT_CLASS = YES_ERROR;
				CLANG_WARN_QUOTED_INCLUDE_IN_FRAMEWORK_HEADER = YES;
				CLANG_WARN_RANGE_LOOP_ANALYSIS = YES;
				CLANG_WARN_STRICT_PROTOTYPES = YES;
				CLANG_WARN_SUSPICIOUS_MOVE = YES;
				CLANG_WARN_UNGUARDED_AVAILABILITY = YES_AGGRESSIVE;
				CLANG_WARN_UNREACHABLE_CODE = YES;
				CLANG_WARN__DUPLICATE_METHOD_MATCH = YES;
				COPY_PHASE_STRIP = NO;
				DEBUG_INFORMATION_FORMAT = "dwarf-with-dsym";
				ENABLE_NS_ASSERTIONS = NO;
				ENABLE_STRICT_OBJC_MSGSEND = YES;
				GCC_C_LANGUAGE_STANDARD = gnu11;
				GCC_NO_COMMON_BLOCKS = YES;
				GCC_WARN_64_TO_32_BIT_CONVERSION = YES;
				GCC_WARN_ABOUT_RETURN_TYPE = YES_ERROR;
				GCC_WARN_UNDECLARED_SELECTOR = YES;
				GCC_WARN_UNINITIALIZED_AUTOS = YES_AGGRESSIVE;
				GCC_WARN_UNUSED_FUNCTION = YES;
				GCC_WARN_UNUSED_VARIABLE = YES;
				IPHONEOS_DEPLOYMENT_TARGET = 15.5;
				MTL_ENABLE_DEBUG_INFO = NO;
				MTL_FAST_MATH = YES;
				SDKROOT = iphoneos;
				SWIFT_COMPILATION_MODE = wholemodule;
				SWIFT_OPTIMIZATION_LEVEL = "-O";
				VALIDATE_PRODUCT = YES;
			};
			name = Release;
		};
		F1A02F322869870800FCE92F /* Debug */ = {
			isa = XCBuildConfiguration;
			buildSettings = {
				ASSETCATALOG_COMPILER_APPICON_NAME = AppIcon;
				ASSETCATALOG_COMPILER_GLOBAL_ACCENT_COLOR_NAME = AccentColor;
				CODE_SIGN_STYLE = Automatic;
				CURRENT_PROJECT_VERSION = 1;
				DEVELOPMENT_TEAM = XRU54PBLKQ;
				GENERATE_INFOPLIST_FILE = YES;
				INFOPLIST_FILE = MilestoneAPI/Info.plist;
				INFOPLIST_KEY_UIApplicationSupportsIndirectInputEvents = YES;
				INFOPLIST_KEY_UILaunchStoryboardName = LaunchScreen;
				INFOPLIST_KEY_UIMainStoryboardFile = Main;
				INFOPLIST_KEY_UISupportedInterfaceOrientations_iPad = "UIInterfaceOrientationPortrait UIInterfaceOrientationPortraitUpsideDown UIInterfaceOrientationLandscapeLeft UIInterfaceOrientationLandscapeRight";
				INFOPLIST_KEY_UISupportedInterfaceOrientations_iPhone = "UIInterfaceOrientationPortrait UIInterfaceOrientationLandscapeLeft UIInterfaceOrientationLandscapeRight";
				LD_RUNPATH_SEARCH_PATHS = (
					"$(inherited)",
					"@executable_path/Frameworks",
				);
				MARKETING_VERSION = 1.0;
				PRODUCT_BUNDLE_IDENTIFIER = team.MilestoneAPI;
				PRODUCT_NAME = "$(TARGET_NAME)";
				SWIFT_EMIT_LOC_STRINGS = YES;
				SWIFT_VERSION = 5.0;
				TARGETED_DEVICE_FAMILY = "1,2";
			};
			name = Debug;
		};
		F1A02F332869870800FCE92F /* Release */ = {
			isa = XCBuildConfiguration;
			buildSettings = {
				ASSETCATALOG_COMPILER_APPICON_NAME = AppIcon;
				ASSETCATALOG_COMPILER_GLOBAL_ACCENT_COLOR_NAME = AccentColor;
				CODE_SIGN_STYLE = Automatic;
				CURRENT_PROJECT_VERSION = 1;
				DEVELOPMENT_TEAM = XRU54PBLKQ;
				GENERATE_INFOPLIST_FILE = YES;
				INFOPLIST_FILE = MilestoneAPI/Info.plist;
				INFOPLIST_KEY_UIApplicationSupportsIndirectInputEvents = YES;
				INFOPLIST_KEY_UILaunchStoryboardName = LaunchScreen;
				INFOPLIST_KEY_UIMainStoryboardFile = Main;
				INFOPLIST_KEY_UISupportedInterfaceOrientations_iPad = "UIInterfaceOrientationPortrait UIInterfaceOrientationPortraitUpsideDown UIInterfaceOrientationLandscapeLeft UIInterfaceOrientationLandscapeRight";
				INFOPLIST_KEY_UISupportedInterfaceOrientations_iPhone = "UIInterfaceOrientationPortrait UIInterfaceOrientationLandscapeLeft UIInterfaceOrientationLandscapeRight";
				LD_RUNPATH_SEARCH_PATHS = (
					"$(inherited)",
					"@executable_path/Frameworks",
				);
				MARKETING_VERSION = 1.0;
				PRODUCT_BUNDLE_IDENTIFIER = team.MilestoneAPI;
				PRODUCT_NAME = "$(TARGET_NAME)";
				SWIFT_EMIT_LOC_STRINGS = YES;
				SWIFT_VERSION = 5.0;
				TARGETED_DEVICE_FAMILY = "1,2";
			};
			name = Release;
		};
/* End XCBuildConfiguration section */

/* Begin XCConfigurationList section */
		F1A02F182869870400FCE92F /* Build configuration list for PBXProject "MilestoneAPI" */ = {
			isa = XCConfigurationList;
			buildConfigurations = (
				F1A02F2F2869870800FCE92F /* Debug */,
				F1A02F302869870800FCE92F /* Release */,
			);
			defaultConfigurationIsVisible = 0;
			defaultConfigurationName = Release;
		};
		F1A02F312869870800FCE92F /* Build configuration list for PBXNativeTarget "MilestoneAPI" */ = {
			isa = XCConfigurationList;
			buildConfigurations = (
				F1A02F322869870800FCE92F /* Debug */,
				F1A02F332869870800FCE92F /* Release */,
			);
			defaultConfigurationIsVisible = 0;
			defaultConfigurationName = Release;
		};
/* End XCConfigurationList section */
	};
	rootObject = F1A02F152869870400FCE92F /* Project object */;
}
